
Microsoft Visual Studio Solution File, Format Version 12.00
# Visual Studio 15
VisualStudioVersion = 15.0.28307.645
MinimumVisualStudioVersion = 10.0.40219.1
Project("{FAE04EC0-301F-11D3-BF4B-00C04F79EFBC}") = "FileRowReverser", "FileRowReverser\FileRowReverser.csproj", "{0D4690B5-F5E2-4853-80A0-16877B32ACD4}"
EndProject
Project("{FAE04EC0-301F-11D3-BF4B-00C04F79EFBC}") = "MyFirstSolution", "MyFirstSolution\MyFirstSolution.csproj", "{72B4F015-00CF-48AC-A7CC-E44777DD21D0}"
EndProject
Project("{FAE04EC0-301F-11D3-BF4B-00C04F79EFBC}") = "MySecondSolution", "MySecondSolution\MySecondSolution.csproj", "{F0CD442F-D738-4C8F-8491-105B0A35304B}"
EndProject
Project("{FAE04EC0-301F-11D3-BF4B-00C04F79EFBC}") = "MyThirdSolution", "MyThirdSolution\MyThirdSolution.csproj", "{D35102EB-7411-4621-BF79-CD30068A8029}"
EndProject
Project("{FAE04EC0-301F-11D3-BF4B-00C04F79EFBC}") = "DataWithPrepend", "DataWithPrepend\DataWithPrepend.csproj", "{1D37833C-4CC2-41BA-9D7F-5D6EFAE19E42}"
EndProject
Global
	GlobalSection(SolutionConfigurationPlatforms) = preSolution
		Debug|Any CPU = Debug|Any CPU
		Release|Any CPU = Release|Any CPU
	EndGlobalSection
	GlobalSection(ProjectConfigurationPlatforms) = postSolution
		{0D4690B5-F5E2-4853-80A0-16877B32ACD4}.Debug|Any CPU.ActiveCfg = Debug|Any CPU
		{0D4690B5-F5E2-4853-80A0-16877B32ACD4}.Debug|Any CPU.Build.0 = Debug|Any CPU
		{0D4690B5-F5E2-4853-80A0-16877B32ACD4}.Release|Any CPU.ActiveCfg = Release|Any CPU
		{0D4690B5-F5E2-4853-80A0-16877B32ACD4}.Release|Any CPU.Build.0 = Release|Any CPU
		{72B4F015-00CF-48AC-A7CC-E44777DD21D0}.Debug|Any CPU.ActiveCfg = Debug|Any CPU
		{72B4F015-00CF-48AC-A7CC-E44777DD21D0}.Debug|Any CPU.Build.0 = Debug|Any CPU
		{72B4F015-00CF-48AC-A7CC-E44777DD21D0}.Release|Any CPU.ActiveCfg = Release|Any CPU
		{72B4F015-00CF-48AC-A7CC-E44777DD21D0}.Release|Any CPU.Build.0 = Release|Any CPU
		{F0CD442F-D738-4C8F-8491-105B0A35304B}.Debug|Any CPU.ActiveCfg = Debug|Any CPU
		{F0CD442F-D738-4C8F-8491-105B0A35304B}.Debug|Any CPU.Build.0 = Debug|Any CPU
		{F0CD442F-D738-4C8F-8491-105B0A35304B}.Release|Any CPU.ActiveCfg = Release|Any CPU
		{F0CD442F-D738-4C8F-8491-105B0A35304B}.Release|Any CPU.Build.0 = Release|Any CPU
		{D35102EB-7411-4621-BF79-CD30068A8029}.Debug|Any CPU.ActiveCfg = Debug|Any CPU
		{D35102EB-7411-4621-BF79-CD30068A8029}.Debug|Any CPU.Build.0 = Debug|Any CPU
		{D35102EB-7411-4621-BF79-CD30068A8029}.Release|Any CPU.ActiveCfg = Release|Any CPU
		{D35102EB-7411-4621-BF79-CD30068A8029}.Release|Any CPU.Build.0 = Release|Any CPU
		{1D37833C-4CC2-41BA-9D7F-5D6EFAE19E42}.Debug|Any CPU.ActiveCfg = Debug|Any CPU
		{1D37833C-4CC2-41BA-9D7F-5D6EFAE19E42}.Debug|Any CPU.Build.0 = Debug|Any CPU
		{1D37833C-4CC2-41BA-9D7F-5D6EFAE19E42}.Release|Any CPU.ActiveCfg = Release|Any CPU
		{1D37833C-4CC2-41BA-9D7F-5D6EFAE19E42}.Release|Any CPU.Build.0 = Release|Any CPU
	EndGlobalSection
	GlobalSection(SolutionProperties) = preSolution
		HideSolutionNode = FALSE
	EndGlobalSection
	GlobalSection(ExtensibilityGlobals) = postSolution
		SolutionGuid = {BBB78BD8-522F-4137-9772-B7D5F37F8AF7}
	EndGlobalSection
EndGlobal
